
Microsoft Visual Studio Solution File, Format Version 12.00
# Visual Studio Version 17
VisualStudioVersion = 17.12.35514.174
MinimumVisualStudioVersion = 10.0.40219.1
Project("{FAE04EC0-301F-11D3-BF4B-00C04F79EFBC}") = "VMTS.API", "src\VMTS.API\VMTS.API.csproj", "{033BB45E-C76B-45CB-8BF9-8C8F28FF60A7}"
EndProject
Project("{FAE04EC0-301F-11D3-BF4B-00C04F79EFBC}") = "VMTS.Service", "src\VMTS.Service\VMTS.Service.csproj", "{DF9B533C-C561-4972-B2E0-CED76AAA0289}"
EndProject
Project("{FAE04EC0-301F-11D3-BF4B-00C04F79EFBC}") = "VMTS.Repository", "src\VMTS.Repository\VMTS.Repository.csproj", "{4E75E391-E36D-4D62-BFE3-FA618493F4C9}"
EndProject
Project("{FAE04EC0-301F-11D3-BF4B-00C04F79EFBC}") = "VMTS.Core", "src\VMTS.Core\VMTS.Core.csproj", "{0541D388-F8A3-4B22-B571-380C00CAD270}"
EndProject
Global
	GlobalSection(SolutionConfigurationPlatforms) = preSolution
		Debug|Any CPU = Debug|Any CPU
		Release|Any CPU = Release|Any CPU
	EndGlobalSection
	GlobalSection(ProjectConfigurationPlatforms) = postSolution
		{033BB45E-C76B-45CB-8BF9-8C8F28FF60A7}.Debug|Any CPU.ActiveCfg = Debug|Any CPU
		{033BB45E-C76B-45CB-8BF9-8C8F28FF60A7}.Debug|Any CPU.Build.0 = Debug|Any CPU
		{033BB45E-C76B-45CB-8BF9-8C8F28FF60A7}.Release|Any CPU.ActiveCfg = Release|Any CPU
		{033BB45E-C76B-45CB-8BF9-8C8F28FF60A7}.Release|Any CPU.Build.0 = Release|Any CPU
		{DF9B533C-C561-4972-B2E0-CED76AAA0289}.Debug|Any CPU.ActiveCfg = Debug|Any CPU
		{DF9B533C-C561-4972-B2E0-CED76AAA0289}.Debug|Any CPU.Build.0 = Debug|Any CPU
		{DF9B533C-C561-4972-B2E0-CED76AAA0289}.Release|Any CPU.ActiveCfg = Release|Any CPU
		{DF9B533C-C561-4972-B2E0-CED76AAA0289}.Release|Any CPU.Build.0 = Release|Any CPU
		{4E75E391-E36D-4D62-BFE3-FA618493F4C9}.Debug|Any CPU.ActiveCfg = Debug|Any CPU
		{4E75E391-E36D-4D62-BFE3-FA618493F4C9}.Debug|Any CPU.Build.0 = Debug|Any CPU
		{4E75E391-E36D-4D62-BFE3-FA618493F4C9}.Release|Any CPU.ActiveCfg = Release|Any CPU
		{4E75E391-E36D-4D62-BFE3-FA618493F4C9}.Release|Any CPU.Build.0 = Release|Any CPU
		{0541D388-F8A3-4B22-B571-380C00CAD270}.Debug|Any CPU.ActiveCfg = Debug|Any CPU
		{0541D388-F8A3-4B22-B571-380C00CAD270}.Debug|Any CPU.Build.0 = Debug|Any CPU
		{0541D388-F8A3-4B22-B571-380C00CAD270}.Release|Any CPU.ActiveCfg = Release|Any CPU
		{0541D388-F8A3-4B22-B571-380C00CAD270}.Release|Any CPU.Build.0 = Release|Any CPU
	EndGlobalSection
	GlobalSection(SolutionProperties) = preSolution
		HideSolutionNode = FALSE
	EndGlobalSection
EndGlobal
